
Microsoft Visual Studio Solution File, Format Version 12.00
# Visual Studio 15
Project("{FAE04EC0-301F-11D3-BF4B-00C04F79EFBC}") = "Unity-OceanBeach", "Unity-OceanBeach.csproj", "{4A5CF009-396C-4839-CB0C-DE066D263F20}"
EndProject
Project("{FAE04EC0-301F-11D3-BF4B-00C04F79EFBC}") = "Unity-OceanBeach.Editor", "Unity-OceanBeach.Editor.csproj", "{26D904DB-5F5F-AD15-381D-B62B6173F492}"
EndProject
Global
	GlobalSection(SolutionConfigurationPlatforms) = preSolution
		Debug|Any CPU = Debug|Any CPU
		Release|Any CPU = Release|Any CPU
	EndGlobalSection
	GlobalSection(ProjectConfigurationPlatforms) = postSolution
		{4A5CF009-396C-4839-CB0C-DE066D263F20}.Debug|Any CPU.ActiveCfg = Debug|Any CPU
		{4A5CF009-396C-4839-CB0C-DE066D263F20}.Debug|Any CPU.Build.0 = Debug|Any CPU
		{4A5CF009-396C-4839-CB0C-DE066D263F20}.Release|Any CPU.ActiveCfg = Release|Any CPU
		{4A5CF009-396C-4839-CB0C-DE066D263F20}.Release|Any CPU.Build.0 = Release|Any CPU
		{26D904DB-5F5F-AD15-381D-B62B6173F492}.Debug|Any CPU.ActiveCfg = Debug|Any CPU
		{26D904DB-5F5F-AD15-381D-B62B6173F492}.Debug|Any CPU.Build.0 = Debug|Any CPU
		{26D904DB-5F5F-AD15-381D-B62B6173F492}.Release|Any CPU.ActiveCfg = Release|Any CPU
		{26D904DB-5F5F-AD15-381D-B62B6173F492}.Release|Any CPU.Build.0 = Release|Any CPU
	EndGlobalSection
	GlobalSection(SolutionProperties) = preSolution
		HideSolutionNode = FALSE
	EndGlobalSection
EndGlobal
